
Microsoft Visual Studio Solution File, Format Version 12.00
# Visual Studio Version 17
VisualStudioVersion = 17.1.32421.90
MinimumVisualStudioVersion = 10.0.40219.1
Project("{FAE04EC0-301F-11D3-BF4B-00C04F79EFBC}") = "Product_Cate_Crud", "Product_Cate_Crud\Product_Cate_Crud.csproj", "{AB523396-056A-4FD2-A82A-61FB74EECCEA}"
EndProject
Global
	GlobalSection(SolutionConfigurationPlatforms) = preSolution
		Debug|Any CPU = Debug|Any CPU
		Release|Any CPU = Release|Any CPU
	EndGlobalSection
	GlobalSection(ProjectConfigurationPlatforms) = postSolution
		{AB523396-056A-4FD2-A82A-61FB74EECCEA}.Debug|Any CPU.ActiveCfg = Debug|Any CPU
		{AB523396-056A-4FD2-A82A-61FB74EECCEA}.Debug|Any CPU.Build.0 = Debug|Any CPU
		{AB523396-056A-4FD2-A82A-61FB74EECCEA}.Release|Any CPU.ActiveCfg = Release|Any CPU
		{AB523396-056A-4FD2-A82A-61FB74EECCEA}.Release|Any CPU.Build.0 = Release|Any CPU
	EndGlobalSection
	GlobalSection(SolutionProperties) = preSolution
		HideSolutionNode = FALSE
	EndGlobalSection
	GlobalSection(ExtensibilityGlobals) = postSolution
		SolutionGuid = {C25303F6-B196-44A4-BF9C-F4054104A70A}
	EndGlobalSection
EndGlobal
